// !$*UTF8*$!
{
	archiveVersion = 1;
	classes = {
	};
	objectVersion = 51;
	objects = {

/* Begin PBXBuildFile section */
		3A0060C9270B7FD90047EFAE /* Conversations.storyboard in Resources */ = {isa = PBXBuildFile; fileRef = 3A0060C8270B7FD90047EFAE /* Conversations.storyboard */; };
		3A0060CB270B817E0047EFAE /* ConversationsViewController.swift in Sources */ = {isa = PBXBuildFile; fileRef = 3A0060CA270B817E0047EFAE /* ConversationsViewController.swift */; };
		3A0060CE270B83690047EFAE /* ConversationsTableCell.swift in Sources */ = {isa = PBXBuildFile; fileRef = 3A0060CD270B83690047EFAE /* ConversationsTableCell.swift */; };
		3A0060D1270B889D0047EFAE /* ChannelModel.swift in Sources */ = {isa = PBXBuildFile; fileRef = 3A0060D0270B889D0047EFAE /* ChannelModel.swift */; };
		3A0060D3270B8DCD0047EFAE /* Date+extensions.swift in Sources */ = {isa = PBXBuildFile; fileRef = 3A0060D2270B8DCD0047EFAE /* Date+extensions.swift */; };
		3A0C3184272B1163001B63BC /* MessageInputView.swift in Sources */ = {isa = PBXBuildFile; fileRef = 3A0C3183272B1163001B63BC /* MessageInputView.swift */; };
		3A0C3186272B1AEA001B63BC /* PaddingTextField.swift in Sources */ = {isa = PBXBuildFile; fileRef = 3A0C3185272B1AEA001B63BC /* PaddingTextField.swift */; };
		3A12BFC2272884D400D86C17 /* Codable+extension.swift in Sources */ = {isa = PBXBuildFile; fileRef = 3A12BFC1272884D400D86C17 /* Codable+extension.swift */; };
		3A2F46332733CAFE00CA9ECB /* CoreDataStack.swift in Sources */ = {isa = PBXBuildFile; fileRef = 3A2F46322733CAFE00CA9ECB /* CoreDataStack.swift */; };
		3A3092342727314700BE31BE /* GoogleService-Info.plist in Resources */ = {isa = PBXBuildFile; fileRef = 3A3092332727314700BE31BE /* GoogleService-Info.plist */; };
		3A3154F52731AD1C00FE980A /* Chat.xcdatamodeld in Sources */ = {isa = PBXBuildFile; fileRef = 3A3154F32731AD1C00FE980A /* Chat.xcdatamodeld */; };
		3A3155092731B03600FE980A /* DBMessage+CoreDataProperties.swift in Sources */ = {isa = PBXBuildFile; fileRef = 3A3155072731B03600FE980A /* DBMessage+CoreDataProperties.swift */; };
		3A31550A2731B03600FE980A /* DBChannel+CoreDataProperties.swift in Sources */ = {isa = PBXBuildFile; fileRef = 3A3155082731B03600FE980A /* DBChannel+CoreDataProperties.swift */; };
		3A31550D2731B05800FE980A /* DBChannel+CoreDataClass.swift in Sources */ = {isa = PBXBuildFile; fileRef = 3A31550B2731B05800FE980A /* DBChannel+CoreDataClass.swift */; };
		3A31550E2731B05800FE980A /* DBMessage+CoreDataClass.swift in Sources */ = {isa = PBXBuildFile; fileRef = 3A31550C2731B05800FE980A /* DBMessage+CoreDataClass.swift */; };
		3A3A73B7274EBDFE0063733E /* ConcurencySender.swift in Sources */ = {isa = PBXBuildFile; fileRef = 3A3A73B6274EBDFE0063733E /* ConcurencySender.swift */; };
		3A44DBFC27023AF800F45CB3 /* ProfileViewController.swift in Sources */ = {isa = PBXBuildFile; fileRef = 3A44DBFB27023AF800F45CB3 /* ProfileViewController.swift */; };
		3A44DBFF27024BD500F45CB3 /* ImagePickerHelper.swift in Sources */ = {isa = PBXBuildFile; fileRef = 3A44DBFE27024BD500F45CB3 /* ImagePickerHelper.swift */; };
		3A44DC0127024C8200F45CB3 /* UIViewController+extensions.swift in Sources */ = {isa = PBXBuildFile; fileRef = 3A44DC0027024C8200F45CB3 /* UIViewController+extensions.swift */; };
		3A44DC0327024E4100F45CB3 /* String+extensions.swift in Sources */ = {isa = PBXBuildFile; fileRef = 3A44DC0227024E4100F45CB3 /* String+extensions.swift */; };
		3A721A05270CC432001A7DCC /* ConversationViewController.swift in Sources */ = {isa = PBXBuildFile; fileRef = 3A721A04270CC432001A7DCC /* ConversationViewController.swift */; };
		3A721A07270CC79C001A7DCC /* ConversationTableCell.swift in Sources */ = {isa = PBXBuildFile; fileRef = 3A721A06270CC79C001A7DCC /* ConversationTableCell.swift */; };
		3A721A09270CC904001A7DCC /* MessageModel.swift in Sources */ = {isa = PBXBuildFile; fileRef = 3A721A08270CC904001A7DCC /* MessageModel.swift */; };
		3AAA3AD22746C3730083F0B9 /* ChannelViewModel.swift in Sources */ = {isa = PBXBuildFile; fileRef = 3AAA3AD12746C3730083F0B9 /* ChannelViewModel.swift */; };
		3AAA3AD42746C8690083F0B9 /* MessageViewModel.swift in Sources */ = {isa = PBXBuildFile; fileRef = 3AAA3AD32746C8690083F0B9 /* MessageViewModel.swift */; };
		3AD474F7274C05D600374662 /* Parser.swift in Sources */ = {isa = PBXBuildFile; fileRef = 3AD474F6274C05D600374662 /* Parser.swift */; };
		3AD474F9274C05FD00374662 /* RequestSender.swift in Sources */ = {isa = PBXBuildFile; fileRef = 3AD474F8274C05FD00374662 /* RequestSender.swift */; };
		3AD474FC274C0FC700374662 /* NetworkService.swift in Sources */ = {isa = PBXBuildFile; fileRef = 3AD474FB274C0FC700374662 /* NetworkService.swift */; };
		3AD474FE274C110900374662 /* RequestFactory.swift in Sources */ = {isa = PBXBuildFile; fileRef = 3AD474FD274C110900374662 /* RequestFactory.swift */; };
		3AD47500274C120A00374662 /* Request.swift in Sources */ = {isa = PBXBuildFile; fileRef = 3AD474FF274C120A00374662 /* Request.swift */; };
		3AD47503274C165600374662 /* PhotosCollectionVC.swift in Sources */ = {isa = PBXBuildFile; fileRef = 3AD47502274C165600374662 /* PhotosCollectionVC.swift */; };
		3AD47505274C198E00374662 /* PhotosCollectionCell.swift in Sources */ = {isa = PBXBuildFile; fileRef = 3AD47504274C198E00374662 /* PhotosCollectionCell.swift */; };
		3AD47507274C1A1700374662 /* ImageView+extensions.swift in Sources */ = {isa = PBXBuildFile; fileRef = 3AD47506274C1A1700374662 /* ImageView+extensions.swift */; };
		3AD47509274C1B1700374662 /* PhotosViewModel.swift in Sources */ = {isa = PBXBuildFile; fileRef = 3AD47508274C1B1700374662 /* PhotosViewModel.swift */; };
		3AE6DDDF26F90F4A00191D7A /* AppDelegate.swift in Sources */ = {isa = PBXBuildFile; fileRef = 3AE6DDDE26F90F4A00191D7A /* AppDelegate.swift */; };
		3AE6DDE626F90F4A00191D7A /* Profile.storyboard in Resources */ = {isa = PBXBuildFile; fileRef = 3AE6DDE426F90F4A00191D7A /* Profile.storyboard */; };
		3AE6DDE826F90F4B00191D7A /* Assets.xcassets in Resources */ = {isa = PBXBuildFile; fileRef = 3AE6DDE726F90F4B00191D7A /* Assets.xcassets */; };
		3AE6DDEB26F90F4B00191D7A /* LaunchScreen.storyboard in Resources */ = {isa = PBXBuildFile; fileRef = 3AE6DDE926F90F4B00191D7A /* LaunchScreen.storyboard */; };
		3AEC2F0B274578D900481D4A /* CoreDataChannelService.swift in Sources */ = {isa = PBXBuildFile; fileRef = 3AEC2F0A274578D900481D4A /* CoreDataChannelService.swift */; };
		3AEC2F0D27457A2D00481D4A /* CoreDataMessageService.swift in Sources */ = {isa = PBXBuildFile; fileRef = 3AEC2F0C27457A2D00481D4A /* CoreDataMessageService.swift */; };
		3AEE4AD5271769FD006A63C0 /* ThemesViewControllerSwift.swift in Sources */ = {isa = PBXBuildFile; fileRef = 3AEE4AD4271769FD006A63C0 /* ThemesViewControllerSwift.swift */; };
		3AEE4AD727176BD3006A63C0 /* ThemesSwift.swift in Sources */ = {isa = PBXBuildFile; fileRef = 3AEE4AD627176BD3006A63C0 /* ThemesSwift.swift */; };
		3AEE4AD9271770AB006A63C0 /* UserDefaults+extensions.swift in Sources */ = {isa = PBXBuildFile; fileRef = 3AEE4AD8271770AB006A63C0 /* UserDefaults+extensions.swift */; };
		3AEE76E42742D84700AABDFB /* PresentationAssembly.swift in Sources */ = {isa = PBXBuildFile; fileRef = 3AEE76E32742D84700AABDFB /* PresentationAssembly.swift */; };
		3AEE76F02742DF2300AABDFB /* Themes.storyboard in Resources */ = {isa = PBXBuildFile; fileRef = 3AEE76EF2742DF2300AABDFB /* Themes.storyboard */; };
		3AEE76F22742E04900AABDFB /* RootAssembly.swift in Sources */ = {isa = PBXBuildFile; fileRef = 3AEE76F12742E04900AABDFB /* RootAssembly.swift */; };
		3AEE76F42742E15300AABDFB /* ServiceAssembly.swift in Sources */ = {isa = PBXBuildFile; fileRef = 3AEE76F32742E15300AABDFB /* ServiceAssembly.swift */; };
		3AEE76F72742E20E00AABDFB /* FireStoreService.swift in Sources */ = {isa = PBXBuildFile; fileRef = 3AEE76F62742E20E00AABDFB /* FireStoreService.swift */; };
		3AEE76F92742E63D00AABDFB /* CoreAssembly.swift in Sources */ = {isa = PBXBuildFile; fileRef = 3AEE76F82742E63D00AABDFB /* CoreAssembly.swift */; };
		3AFC1D1C272095AB0042E71E /* ProfileFileManager.swift in Sources */ = {isa = PBXBuildFile; fileRef = 3AFC1D1B272095AA0042E71E /* ProfileFileManager.swift */; };
		3AFC1D1E272096020042E71E /* ProfileModel.swift in Sources */ = {isa = PBXBuildFile; fileRef = 3AFC1D1D272096020042E71E /* ProfileModel.swift */; };
		3AFC1D212720A6E20042E71E /* GCDDataManager.swift in Sources */ = {isa = PBXBuildFile; fileRef = 3AFC1D202720A6E20042E71E /* GCDDataManager.swift */; };
		3AFC1D232720B3A80042E71E /* OperationDataManager.swift in Sources */ = {isa = PBXBuildFile; fileRef = 3AFC1D222720B3A80042E71E /* OperationDataManager.swift */; };
		3AFF11962714C3B7005991C5 /* ThemesViewController.m in Sources */ = {isa = PBXBuildFile; fileRef = 3AFF11952714C3B7005991C5 /* ThemesViewController.m */; };
		3AFF119A2714C5F2005991C5 /* Themes.m in Sources */ = {isa = PBXBuildFile; fileRef = 3AFF11992714C5F2005991C5 /* Themes.m */; };
		BA100AB67FAC02686772B7A3 /* Pods_chat_app_MobiOS_21.framework in Frameworks */ = {isa = PBXBuildFile; fileRef = 5242AEDD5B6B0B736493A820 /* Pods_chat_app_MobiOS_21.framework */; };
/* End PBXBuildFile section */

/* Begin PBXFileReference section */
		3A0060C8270B7FD90047EFAE /* Conversations.storyboard */ = {isa = PBXFileReference; lastKnownFileType = file.storyboard; path = Conversations.storyboard; sourceTree = "<group>"; };
		3A0060CA270B817E0047EFAE /* ConversationsViewController.swift */ = {isa = PBXFileReference; lastKnownFileType = sourcecode.swift; path = ConversationsViewController.swift; sourceTree = "<group>"; };
		3A0060CD270B83690047EFAE /* ConversationsTableCell.swift */ = {isa = PBXFileReference; lastKnownFileType = sourcecode.swift; path = ConversationsTableCell.swift; sourceTree = "<group>"; };
		3A0060D0270B889D0047EFAE /* ChannelModel.swift */ = {isa = PBXFileReference; lastKnownFileType = sourcecode.swift; path = ChannelModel.swift; sourceTree = "<group>"; };
		3A0060D2270B8DCD0047EFAE /* Date+extensions.swift */ = {isa = PBXFileReference; lastKnownFileType = sourcecode.swift; path = "Date+extensions.swift"; sourceTree = "<group>"; };
		3A0C3183272B1163001B63BC /* MessageInputView.swift */ = {isa = PBXFileReference; lastKnownFileType = sourcecode.swift; path = MessageInputView.swift; sourceTree = "<group>"; };
		3A0C3185272B1AEA001B63BC /* PaddingTextField.swift */ = {isa = PBXFileReference; lastKnownFileType = sourcecode.swift; path = PaddingTextField.swift; sourceTree = "<group>"; };
		3A12BFC1272884D400D86C17 /* Codable+extension.swift */ = {isa = PBXFileReference; lastKnownFileType = sourcecode.swift; path = "Codable+extension.swift"; sourceTree = "<group>"; };
		3A2F46322733CAFE00CA9ECB /* CoreDataStack.swift */ = {isa = PBXFileReference; lastKnownFileType = sourcecode.swift; path = CoreDataStack.swift; sourceTree = "<group>"; };
		3A3092332727314700BE31BE /* GoogleService-Info.plist */ = {isa = PBXFileReference; fileEncoding = 4; lastKnownFileType = text.plist.xml; path = "GoogleService-Info.plist"; sourceTree = "<group>"; };
		3A3154F42731AD1C00FE980A /* Chat.xcdatamodel */ = {isa = PBXFileReference; lastKnownFileType = wrapper.xcdatamodel; path = Chat.xcdatamodel; sourceTree = "<group>"; };
		3A3155072731B03600FE980A /* DBMessage+CoreDataProperties.swift */ = {isa = PBXFileReference; lastKnownFileType = sourcecode.swift; path = "DBMessage+CoreDataProperties.swift"; sourceTree = "<group>"; };
		3A3155082731B03600FE980A /* DBChannel+CoreDataProperties.swift */ = {isa = PBXFileReference; lastKnownFileType = sourcecode.swift; path = "DBChannel+CoreDataProperties.swift"; sourceTree = "<group>"; };
		3A31550B2731B05800FE980A /* DBChannel+CoreDataClass.swift */ = {isa = PBXFileReference; fileEncoding = 4; lastKnownFileType = sourcecode.swift; path = "DBChannel+CoreDataClass.swift"; sourceTree = "<group>"; };
		3A31550C2731B05800FE980A /* DBMessage+CoreDataClass.swift */ = {isa = PBXFileReference; fileEncoding = 4; lastKnownFileType = sourcecode.swift; path = "DBMessage+CoreDataClass.swift"; sourceTree = "<group>"; };
		3A3A73B6274EBDFE0063733E /* ConcurencySender.swift */ = {isa = PBXFileReference; lastKnownFileType = sourcecode.swift; path = ConcurencySender.swift; sourceTree = "<group>"; };
		3A44DBFB27023AF800F45CB3 /* ProfileViewController.swift */ = {isa = PBXFileReference; lastKnownFileType = sourcecode.swift; path = ProfileViewController.swift; sourceTree = "<group>"; };
		3A44DBFE27024BD500F45CB3 /* ImagePickerHelper.swift */ = {isa = PBXFileReference; lastKnownFileType = sourcecode.swift; path = ImagePickerHelper.swift; sourceTree = "<group>"; };
		3A44DC0027024C8200F45CB3 /* UIViewController+extensions.swift */ = {isa = PBXFileReference; lastKnownFileType = sourcecode.swift; path = "UIViewController+extensions.swift"; sourceTree = "<group>"; };
		3A44DC0227024E4100F45CB3 /* String+extensions.swift */ = {isa = PBXFileReference; lastKnownFileType = sourcecode.swift; path = "String+extensions.swift"; sourceTree = "<group>"; };
		3A721A04270CC432001A7DCC /* ConversationViewController.swift */ = {isa = PBXFileReference; lastKnownFileType = sourcecode.swift; path = ConversationViewController.swift; sourceTree = "<group>"; };
		3A721A06270CC79C001A7DCC /* ConversationTableCell.swift */ = {isa = PBXFileReference; lastKnownFileType = sourcecode.swift; path = ConversationTableCell.swift; sourceTree = "<group>"; };
		3A721A08270CC904001A7DCC /* MessageModel.swift */ = {isa = PBXFileReference; lastKnownFileType = sourcecode.swift; path = MessageModel.swift; sourceTree = "<group>"; };
		3AAA3AD12746C3730083F0B9 /* ChannelViewModel.swift */ = {isa = PBXFileReference; lastKnownFileType = sourcecode.swift; path = ChannelViewModel.swift; sourceTree = "<group>"; };
		3AAA3AD32746C8690083F0B9 /* MessageViewModel.swift */ = {isa = PBXFileReference; lastKnownFileType = sourcecode.swift; path = MessageViewModel.swift; sourceTree = "<group>"; };
		3AD474F6274C05D600374662 /* Parser.swift */ = {isa = PBXFileReference; lastKnownFileType = sourcecode.swift; path = Parser.swift; sourceTree = "<group>"; };
		3AD474F8274C05FD00374662 /* RequestSender.swift */ = {isa = PBXFileReference; lastKnownFileType = sourcecode.swift; path = RequestSender.swift; sourceTree = "<group>"; };
		3AD474FB274C0FC700374662 /* NetworkService.swift */ = {isa = PBXFileReference; lastKnownFileType = sourcecode.swift; path = NetworkService.swift; sourceTree = "<group>"; };
		3AD474FD274C110900374662 /* RequestFactory.swift */ = {isa = PBXFileReference; lastKnownFileType = sourcecode.swift; path = RequestFactory.swift; sourceTree = "<group>"; };
		3AD474FF274C120A00374662 /* Request.swift */ = {isa = PBXFileReference; lastKnownFileType = sourcecode.swift; path = Request.swift; sourceTree = "<group>"; };
		3AD47502274C165600374662 /* PhotosCollectionVC.swift */ = {isa = PBXFileReference; lastKnownFileType = sourcecode.swift; path = PhotosCollectionVC.swift; sourceTree = "<group>"; };
		3AD47504274C198E00374662 /* PhotosCollectionCell.swift */ = {isa = PBXFileReference; lastKnownFileType = sourcecode.swift; path = PhotosCollectionCell.swift; sourceTree = "<group>"; };
		3AD47506274C1A1700374662 /* ImageView+extensions.swift */ = {isa = PBXFileReference; lastKnownFileType = sourcecode.swift; path = "ImageView+extensions.swift"; sourceTree = "<group>"; };
		3AD47508274C1B1700374662 /* PhotosViewModel.swift */ = {isa = PBXFileReference; lastKnownFileType = sourcecode.swift; path = PhotosViewModel.swift; sourceTree = "<group>"; };
		3AE6DDDB26F90F4A00191D7A /* chat-app-MobiOS-21.app */ = {isa = PBXFileReference; explicitFileType = wrapper.application; includeInIndex = 0; path = "chat-app-MobiOS-21.app"; sourceTree = BUILT_PRODUCTS_DIR; };
		3AE6DDDE26F90F4A00191D7A /* AppDelegate.swift */ = {isa = PBXFileReference; lastKnownFileType = sourcecode.swift; path = AppDelegate.swift; sourceTree = "<group>"; };
		3AE6DDE526F90F4A00191D7A /* Base */ = {isa = PBXFileReference; lastKnownFileType = file.storyboard; name = Base; path = Base.lproj/Profile.storyboard; sourceTree = "<group>"; };
		3AE6DDE726F90F4B00191D7A /* Assets.xcassets */ = {isa = PBXFileReference; lastKnownFileType = folder.assetcatalog; path = Assets.xcassets; sourceTree = "<group>"; };
		3AE6DDEA26F90F4B00191D7A /* Base */ = {isa = PBXFileReference; lastKnownFileType = file.storyboard; name = Base; path = Base.lproj/LaunchScreen.storyboard; sourceTree = "<group>"; };
		3AE6DDEC26F90F4B00191D7A /* Info.plist */ = {isa = PBXFileReference; lastKnownFileType = text.plist.xml; path = Info.plist; sourceTree = "<group>"; };
		3AEC2F0A274578D900481D4A /* CoreDataChannelService.swift */ = {isa = PBXFileReference; lastKnownFileType = sourcecode.swift; path = CoreDataChannelService.swift; sourceTree = "<group>"; };
		3AEC2F0C27457A2D00481D4A /* CoreDataMessageService.swift */ = {isa = PBXFileReference; lastKnownFileType = sourcecode.swift; path = CoreDataMessageService.swift; sourceTree = "<group>"; };
		3AEE4AD4271769FD006A63C0 /* ThemesViewControllerSwift.swift */ = {isa = PBXFileReference; lastKnownFileType = sourcecode.swift; path = ThemesViewControllerSwift.swift; sourceTree = "<group>"; };
		3AEE4AD627176BD3006A63C0 /* ThemesSwift.swift */ = {isa = PBXFileReference; lastKnownFileType = sourcecode.swift; path = ThemesSwift.swift; sourceTree = "<group>"; };
		3AEE4AD8271770AB006A63C0 /* UserDefaults+extensions.swift */ = {isa = PBXFileReference; lastKnownFileType = sourcecode.swift; path = "UserDefaults+extensions.swift"; sourceTree = "<group>"; };
		3AEE76E32742D84700AABDFB /* PresentationAssembly.swift */ = {isa = PBXFileReference; lastKnownFileType = sourcecode.swift; path = PresentationAssembly.swift; sourceTree = "<group>"; };
		3AEE76EF2742DF2300AABDFB /* Themes.storyboard */ = {isa = PBXFileReference; lastKnownFileType = file.storyboard; path = Themes.storyboard; sourceTree = "<group>"; };
		3AEE76F12742E04900AABDFB /* RootAssembly.swift */ = {isa = PBXFileReference; lastKnownFileType = sourcecode.swift; path = RootAssembly.swift; sourceTree = "<group>"; };
		3AEE76F32742E15300AABDFB /* ServiceAssembly.swift */ = {isa = PBXFileReference; lastKnownFileType = sourcecode.swift; path = ServiceAssembly.swift; sourceTree = "<group>"; };
		3AEE76F62742E20E00AABDFB /* FireStoreService.swift */ = {isa = PBXFileReference; lastKnownFileType = sourcecode.swift; path = FireStoreService.swift; sourceTree = "<group>"; };
		3AEE76F82742E63D00AABDFB /* CoreAssembly.swift */ = {isa = PBXFileReference; lastKnownFileType = sourcecode.swift; path = CoreAssembly.swift; sourceTree = "<group>"; };
		3AFC1D1B272095AA0042E71E /* ProfileFileManager.swift */ = {isa = PBXFileReference; lastKnownFileType = sourcecode.swift; path = ProfileFileManager.swift; sourceTree = "<group>"; };
		3AFC1D1D272096020042E71E /* ProfileModel.swift */ = {isa = PBXFileReference; lastKnownFileType = sourcecode.swift; path = ProfileModel.swift; sourceTree = "<group>"; };
		3AFC1D202720A6E20042E71E /* GCDDataManager.swift */ = {isa = PBXFileReference; lastKnownFileType = sourcecode.swift; path = GCDDataManager.swift; sourceTree = "<group>"; };
		3AFC1D222720B3A80042E71E /* OperationDataManager.swift */ = {isa = PBXFileReference; lastKnownFileType = sourcecode.swift; path = OperationDataManager.swift; sourceTree = "<group>"; };
		3AFF11932714C189005991C5 /* ThemesViewController.h */ = {isa = PBXFileReference; lastKnownFileType = sourcecode.c.h; path = ThemesViewController.h; sourceTree = "<group>"; };
		3AFF11942714C3B7005991C5 /* chat-app-MobiOS-21-Bridging-Header.h */ = {isa = PBXFileReference; lastKnownFileType = sourcecode.c.h; path = "chat-app-MobiOS-21-Bridging-Header.h"; sourceTree = "<group>"; };
		3AFF11952714C3B7005991C5 /* ThemesViewController.m */ = {isa = PBXFileReference; lastKnownFileType = sourcecode.c.objc; path = ThemesViewController.m; sourceTree = "<group>"; };
		3AFF11982714C5A0005991C5 /* Themes.h */ = {isa = PBXFileReference; lastKnownFileType = sourcecode.c.h; path = Themes.h; sourceTree = "<group>"; };
		3AFF11992714C5F2005991C5 /* Themes.m */ = {isa = PBXFileReference; lastKnownFileType = sourcecode.c.objc; path = Themes.m; sourceTree = "<group>"; };
		3AFF119B2714C7E6005991C5 /* ThemesViewControllerDelegate.h */ = {isa = PBXFileReference; lastKnownFileType = sourcecode.c.h; path = ThemesViewControllerDelegate.h; sourceTree = "<group>"; };
		4A327EF7CBD3D3AAD5EB8053 /* Pods-chat-app-MobiOS-21.debug.xcconfig */ = {isa = PBXFileReference; includeInIndex = 1; lastKnownFileType = text.xcconfig; name = "Pods-chat-app-MobiOS-21.debug.xcconfig"; path = "Target Support Files/Pods-chat-app-MobiOS-21/Pods-chat-app-MobiOS-21.debug.xcconfig"; sourceTree = "<group>"; };
		5242AEDD5B6B0B736493A820 /* Pods_chat_app_MobiOS_21.framework */ = {isa = PBXFileReference; explicitFileType = wrapper.framework; includeInIndex = 0; path = Pods_chat_app_MobiOS_21.framework; sourceTree = BUILT_PRODUCTS_DIR; };
		F8BEDC468708FEE8C5B9C51B /* Pods-chat-app-MobiOS-21.release.xcconfig */ = {isa = PBXFileReference; includeInIndex = 1; lastKnownFileType = text.xcconfig; name = "Pods-chat-app-MobiOS-21.release.xcconfig"; path = "Target Support Files/Pods-chat-app-MobiOS-21/Pods-chat-app-MobiOS-21.release.xcconfig"; sourceTree = "<group>"; };
/* End PBXFileReference section */

/* Begin PBXFrameworksBuildPhase section */
		3AE6DDD826F90F4A00191D7A /* Frameworks */ = {
			isa = PBXFrameworksBuildPhase;
			buildActionMask = 2147483647;
			files = (
				BA100AB67FAC02686772B7A3 /* Pods_chat_app_MobiOS_21.framework in Frameworks */,
			);
			runOnlyForDeploymentPostprocessing = 0;
		};
/* End PBXFrameworksBuildPhase section */

/* Begin PBXGroup section */
		3A3154F62731AD2800FE980A /* Core Data */ = {
			isa = PBXGroup;
			children = (
				3A31550B2731B05800FE980A /* DBChannel+CoreDataClass.swift */,
				3A31550C2731B05800FE980A /* DBMessage+CoreDataClass.swift */,
				3A3155072731B03600FE980A /* DBMessage+CoreDataProperties.swift */,
				3A3155082731B03600FE980A /* DBChannel+CoreDataProperties.swift */,
				3A3154F32731AD1C00FE980A /* Chat.xcdatamodeld */,
				3A2F46322733CAFE00CA9ECB /* CoreDataStack.swift */,
			);
			path = "Core Data";
			sourceTree = "<group>";
		};
		3A44DBF927023ABD00F45CB3 /* Models */ = {
			isa = PBXGroup;
			children = (
				3AFF11972714C590005991C5 /* Themes */,
			);
			path = Models;
			sourceTree = "<group>";
		};
		3A44DBFD27024BC000F45CB3 /* extensions */ = {
			isa = PBXGroup;
			children = (
				3A44DBFE27024BD500F45CB3 /* ImagePickerHelper.swift */,
				3A44DC0027024C8200F45CB3 /* UIViewController+extensions.swift */,
				3A44DC0227024E4100F45CB3 /* String+extensions.swift */,
				3A0060D2270B8DCD0047EFAE /* Date+extensions.swift */,
				3AEE4AD8271770AB006A63C0 /* UserDefaults+extensions.swift */,
				3A12BFC1272884D400D86C17 /* Codable+extension.swift */,
				3AD47506274C1A1700374662 /* ImageView+extensions.swift */,
			);
			path = extensions;
			sourceTree = "<group>";
		};
		3AD474F5274C04F000374662 /* Network */ = {
			isa = PBXGroup;
			children = (
				3AD474F6274C05D600374662 /* Parser.swift */,
				3AD474F8274C05FD00374662 /* RequestSender.swift */,
				3AD474FF274C120A00374662 /* Request.swift */,
				3A3A73B6274EBDFE0063733E /* ConcurencySender.swift */,
			);
			path = Network;
			sourceTree = "<group>";
		};
		3AD474FA274C0FB100374662 /* Network */ = {
			isa = PBXGroup;
			children = (
				3AD474FB274C0FC700374662 /* NetworkService.swift */,
				3AD474FD274C110900374662 /* RequestFactory.swift */,
			);
			path = Network;
			sourceTree = "<group>";
		};
		3AD47501274C163100374662 /* Photos */ = {
			isa = PBXGroup;
			children = (
				3AD47502274C165600374662 /* PhotosCollectionVC.swift */,
				3AD47504274C198E00374662 /* PhotosCollectionCell.swift */,
				3AD47508274C1B1700374662 /* PhotosViewModel.swift */,
			);
			path = Photos;
			sourceTree = "<group>";
		};
		3AE6DDD226F90F4A00191D7A = {
			isa = PBXGroup;
			children = (
				3AE6DDDD26F90F4A00191D7A /* chat-app-MobiOS-21 */,
				3AE6DDDC26F90F4A00191D7A /* Products */,
				7CB0AC3A03BB993EF7365B9C /* Pods */,
				D088446AC811E5209E65904C /* Frameworks */,
			);
			sourceTree = "<group>";
		};
		3AE6DDDC26F90F4A00191D7A /* Products */ = {
			isa = PBXGroup;
			children = (
				3AE6DDDB26F90F4A00191D7A /* chat-app-MobiOS-21.app */,
			);
			name = Products;
			sourceTree = "<group>";
		};
		3AE6DDDD26F90F4A00191D7A /* chat-app-MobiOS-21 */ = {
			isa = PBXGroup;
			children = (
				3AEE76EC2742DDD400AABDFB /* Supporting */,
				3AEE76E02742D7BB00AABDFB /* Presentation layer */,
				3AEE76E12742D7C700AABDFB /* Service layer */,
				3AEE76E22742D7D900AABDFB /* Core layer */,
				3AE6DDDE26F90F4A00191D7A /* AppDelegate.swift */,
				3AEE76F12742E04900AABDFB /* RootAssembly.swift */,
				3A3092332727314700BE31BE /* GoogleService-Info.plist */,
				3AE6DDEC26F90F4B00191D7A /* Info.plist */,
			);
			path = "chat-app-MobiOS-21";
			sourceTree = "<group>";
		};
		3AEC2F0627456FEE00481D4A /* Assembly */ = {
			isa = PBXGroup;
			children = (
				3AEE76F32742E15300AABDFB /* ServiceAssembly.swift */,
			);
			path = Assembly;
			sourceTree = "<group>";
		};
		3AEC2F072745713600481D4A /* CoreData */ = {
			isa = PBXGroup;
			children = (
				3AEC2F0A274578D900481D4A /* CoreDataChannelService.swift */,
				3AEC2F0C27457A2D00481D4A /* CoreDataMessageService.swift */,
			);
			path = CoreData;
			sourceTree = "<group>";
		};
		3AEE76E02742D7BB00AABDFB /* Presentation layer */ = {
			isa = PBXGroup;
			children = (
				3AEE76FC2742E85900AABDFB /* Assembly */,
				3AEE76E52742DC0000AABDFB /* Conversations */,
				3AEE76E62742DCC700AABDFB /* Conversation */,
				3AEE76E72742DD3000AABDFB /* Profile */,
				3AD47501274C163100374662 /* Photos */,
				3AFF11922714C169005991C5 /* Themes */,
				3AEE76EA2742DD8100AABDFB /* Custom views */,
			);
			path = "Presentation layer";
			sourceTree = "<group>";
		};
		3AEE76E12742D7C700AABDFB /* Service layer */ = {
			isa = PBXGroup;
			children = (
				3AEC2F0627456FEE00481D4A /* Assembly */,
				3AD474FA274C0FB100374662 /* Network */,
				3AEC2F072745713600481D4A /* CoreData */,
				3AEE76FD2742E9A900AABDFB /* ProfileDataService */,
				3AEE76F52742E1EA00AABDFB /* Firestore */,
			);
			path = "Service layer";
			sourceTree = "<group>";
		};
		3AEE76E22742D7D900AABDFB /* Core layer */ = {
			isa = PBXGroup;
			children = (
				3AEE76FB2742E71F00AABDFB /* Assembly */,
				3AD474F5274C04F000374662 /* Network */,
				3A3154F62731AD2800FE980A /* Core Data */,
				3AFC1D1B272095AA0042E71E /* ProfileFileManager.swift */,
			);
			path = "Core layer";
			sourceTree = "<group>";
		};
		3AEE76E52742DC0000AABDFB /* Conversations */ = {
			isa = PBXGroup;
			children = (
				3AEE76E82742DD4700AABDFB /* Views */,
				3A0060CA270B817E0047EFAE /* ConversationsViewController.swift */,
				3A0060D0270B889D0047EFAE /* ChannelModel.swift */,
				3AAA3AD12746C3730083F0B9 /* ChannelViewModel.swift */,
			);
			path = Conversations;
			sourceTree = "<group>";
		};
		3AEE76E62742DCC700AABDFB /* Conversation */ = {
			isa = PBXGroup;
			children = (
				3AEE76E92742DD5A00AABDFB /* Views */,
				3A721A04270CC432001A7DCC /* ConversationViewController.swift */,
				3A721A08270CC904001A7DCC /* MessageModel.swift */,
				3AAA3AD32746C8690083F0B9 /* MessageViewModel.swift */,
			);
			path = Conversation;
			sourceTree = "<group>";
		};
		3AEE76E72742DD3000AABDFB /* Profile */ = {
			isa = PBXGroup;
			children = (
				3AFC1D1D272096020042E71E /* ProfileModel.swift */,
				3A44DBFB27023AF800F45CB3 /* ProfileViewController.swift */,
				3AE6DDE426F90F4A00191D7A /* Profile.storyboard */,
			);
			path = Profile;
			sourceTree = "<group>";
		};
		3AEE76E82742DD4700AABDFB /* Views */ = {
			isa = PBXGroup;
			children = (
				3A0060CD270B83690047EFAE /* ConversationsTableCell.swift */,
				3A0060C8270B7FD90047EFAE /* Conversations.storyboard */,
			);
			path = Views;
			sourceTree = "<group>";
		};
		3AEE76E92742DD5A00AABDFB /* Views */ = {
			isa = PBXGroup;
			children = (
				3A721A06270CC79C001A7DCC /* ConversationTableCell.swift */,
			);
			path = Views;
			sourceTree = "<group>";
		};
		3AEE76EA2742DD8100AABDFB /* Custom views */ = {
			isa = PBXGroup;
			children = (
				3A0C3185272B1AEA001B63BC /* PaddingTextField.swift */,
				3A0C3183272B1163001B63BC /* MessageInputView.swift */,
			);
			path = "Custom views";
			sourceTree = "<group>";
		};
		3AEE76EC2742DDD400AABDFB /* Supporting */ = {
			isa = PBXGroup;
			children = (
				3A44DBFD27024BC000F45CB3 /* extensions */,
				3AE6DDE726F90F4B00191D7A /* Assets.xcassets */,
				3AE6DDE926F90F4B00191D7A /* LaunchScreen.storyboard */,
			);
			path = Supporting;
			sourceTree = "<group>";
		};
		3AEE76ED2742DEFA00AABDFB /* Views */ = {
			isa = PBXGroup;
			children = (
				3AEE76EF2742DF2300AABDFB /* Themes.storyboard */,
			);
			path = Views;
			sourceTree = "<group>";
		};
		3AEE76EE2742DF0300AABDFB /* Controllers */ = {
			isa = PBXGroup;
			children = (
				3AFF11932714C189005991C5 /* ThemesViewController.h */,
				3AFF11952714C3B7005991C5 /* ThemesViewController.m */,
				3AEE4AD4271769FD006A63C0 /* ThemesViewControllerSwift.swift */,
			);
			path = Controllers;
			sourceTree = "<group>";
		};
		3AEE76F52742E1EA00AABDFB /* Firestore */ = {
			isa = PBXGroup;
			children = (
				3AEE76F62742E20E00AABDFB /* FireStoreService.swift */,
			);
			path = Firestore;
			sourceTree = "<group>";
		};
		3AEE76FB2742E71F00AABDFB /* Assembly */ = {
			isa = PBXGroup;
			children = (
				3AEE76F82742E63D00AABDFB /* CoreAssembly.swift */,
			);
			path = Assembly;
			sourceTree = "<group>";
		};
		3AEE76FC2742E85900AABDFB /* Assembly */ = {
			isa = PBXGroup;
			children = (
				3AEE76E32742D84700AABDFB /* PresentationAssembly.swift */,
			);
			path = Assembly;
			sourceTree = "<group>";
		};
		3AEE76FD2742E9A900AABDFB /* ProfileDataService */ = {
			isa = PBXGroup;
			children = (
				3AFC1D202720A6E20042E71E /* GCDDataManager.swift */,
				3AFC1D222720B3A80042E71E /* OperationDataManager.swift */,
			);
			path = ProfileDataService;
			sourceTree = "<group>";
		};
		3AFF11922714C169005991C5 /* Themes */ = {
			isa = PBXGroup;
			children = (
				3AEE76EE2742DF0300AABDFB /* Controllers */,
				3AEE76ED2742DEFA00AABDFB /* Views */,
				3A44DBF927023ABD00F45CB3 /* Models */,
				3AFF11942714C3B7005991C5 /* chat-app-MobiOS-21-Bridging-Header.h */,
				3AFF119B2714C7E6005991C5 /* ThemesViewControllerDelegate.h */,
			);
			path = Themes;
			sourceTree = "<group>";
		};
		3AFF11972714C590005991C5 /* Themes */ = {
			isa = PBXGroup;
			children = (
				3AFF11982714C5A0005991C5 /* Themes.h */,
				3AFF11992714C5F2005991C5 /* Themes.m */,
				3AEE4AD627176BD3006A63C0 /* ThemesSwift.swift */,
			);
			path = Themes;
			sourceTree = "<group>";
		};
		7CB0AC3A03BB993EF7365B9C /* Pods */ = {
			isa = PBXGroup;
			children = (
				4A327EF7CBD3D3AAD5EB8053 /* Pods-chat-app-MobiOS-21.debug.xcconfig */,
				F8BEDC468708FEE8C5B9C51B /* Pods-chat-app-MobiOS-21.release.xcconfig */,
			);
			path = Pods;
			sourceTree = "<group>";
		};
		D088446AC811E5209E65904C /* Frameworks */ = {
			isa = PBXGroup;
			children = (
				5242AEDD5B6B0B736493A820 /* Pods_chat_app_MobiOS_21.framework */,
			);
			name = Frameworks;
			sourceTree = "<group>";
		};
/* End PBXGroup section */

/* Begin PBXNativeTarget section */
		3AE6DDDA26F90F4A00191D7A /* chat-app-MobiOS-21 */ = {
			isa = PBXNativeTarget;
			buildConfigurationList = 3AE6DDEF26F90F4B00191D7A /* Build configuration list for PBXNativeTarget "chat-app-MobiOS-21" */;
			buildPhases = (
				F25026DE1D7BCB62F38192D2 /* [CP] Check Pods Manifest.lock */,
				3AE6DDD726F90F4A00191D7A /* Sources */,
				3AE6DDD826F90F4A00191D7A /* Frameworks */,
				3AE6DDD926F90F4A00191D7A /* Resources */,
				29461C40D7001C6972A9370C /* [CP] Embed Pods Frameworks */,
				3A8C131327272D290091B31A /* Swiftlint */,
			);
			buildRules = (
			);
			dependencies = (
			);
			name = "chat-app-MobiOS-21";
			productName = "chat-app-MobiOS-21";
			productReference = 3AE6DDDB26F90F4A00191D7A /* chat-app-MobiOS-21.app */;
			productType = "com.apple.product-type.application";
		};
/* End PBXNativeTarget section */

/* Begin PBXProject section */
		3AE6DDD326F90F4A00191D7A /* Project object */ = {
			isa = PBXProject;
			attributes = {
				LastSwiftUpdateCheck = 1300;
				LastUpgradeCheck = 1250;
				TargetAttributes = {
					3AE6DDDA26F90F4A00191D7A = {
						CreatedOnToolsVersion = 12.5.1;
						LastSwiftMigration = 1300;
					};
				};
			};
			buildConfigurationList = 3AE6DDD626F90F4A00191D7A /* Build configuration list for PBXProject "chat-app-MobiOS-21" */;
			compatibilityVersion = "Xcode 9.3";
			developmentRegion = en;
			hasScannedForEncodings = 0;
			knownRegions = (
				en,
				Base,
			);
			mainGroup = 3AE6DDD226F90F4A00191D7A;
			productRefGroup = 3AE6DDDC26F90F4A00191D7A /* Products */;
			projectDirPath = "";
			projectRoot = "";
			targets = (
				3AE6DDDA26F90F4A00191D7A /* chat-app-MobiOS-21 */,
			);
		};
/* End PBXProject section */

/* Begin PBXResourcesBuildPhase section */
		3AE6DDD926F90F4A00191D7A /* Resources */ = {
			isa = PBXResourcesBuildPhase;
			buildActionMask = 2147483647;
			files = (
				3AE6DDEB26F90F4B00191D7A /* LaunchScreen.storyboard in Resources */,
				3A0060C9270B7FD90047EFAE /* Conversations.storyboard in Resources */,
				3AEE76F02742DF2300AABDFB /* Themes.storyboard in Resources */,
				3A3092342727314700BE31BE /* GoogleService-Info.plist in Resources */,
				3AE6DDE826F90F4B00191D7A /* Assets.xcassets in Resources */,
				3AE6DDE626F90F4A00191D7A /* Profile.storyboard in Resources */,
			);
			runOnlyForDeploymentPostprocessing = 0;
		};
/* End PBXResourcesBuildPhase section */

/* Begin PBXShellScriptBuildPhase section */
		29461C40D7001C6972A9370C /* [CP] Embed Pods Frameworks */ = {
			isa = PBXShellScriptBuildPhase;
			buildActionMask = 2147483647;
			files = (
			);
			inputFileListPaths = (
				"${PODS_ROOT}/Target Support Files/Pods-chat-app-MobiOS-21/Pods-chat-app-MobiOS-21-frameworks-${CONFIGURATION}-input-files.xcfilelist",
			);
			name = "[CP] Embed Pods Frameworks";
			outputFileListPaths = (
				"${PODS_ROOT}/Target Support Files/Pods-chat-app-MobiOS-21/Pods-chat-app-MobiOS-21-frameworks-${CONFIGURATION}-output-files.xcfilelist",
			);
			runOnlyForDeploymentPostprocessing = 0;
			shellPath = /bin/sh;
			shellScript = "\"${PODS_ROOT}/Target Support Files/Pods-chat-app-MobiOS-21/Pods-chat-app-MobiOS-21-frameworks.sh\"\n";
			showEnvVarsInLog = 0;
		};
		3A8C131327272D290091B31A /* Swiftlint */ = {
			isa = PBXShellScriptBuildPhase;
			buildActionMask = 2147483647;
			files = (
			);
			inputFileListPaths = (
			);
			inputPaths = (
			);
			name = Swiftlint;
			outputFileListPaths = (
			);
			outputPaths = (
			);
			runOnlyForDeploymentPostprocessing = 0;
			shellPath = /bin/sh;
			shellScript = "if which \"${PODS_ROOT}/SwiftLint/swiftlint\" >/dev/null; then\n    ${PODS_ROOT}/SwiftLint/swiftlint\nelse\n    echo \"warning: SwiftLint not installed, download from https://github.com/realm/SwiftLint\"\nfi\n";
		};
		F25026DE1D7BCB62F38192D2 /* [CP] Check Pods Manifest.lock */ = {
			isa = PBXShellScriptBuildPhase;
			buildActionMask = 2147483647;
			files = (
			);
			inputFileListPaths = (
			);
			inputPaths = (
				"${PODS_PODFILE_DIR_PATH}/Podfile.lock",
				"${PODS_ROOT}/Manifest.lock",
			);
			name = "[CP] Check Pods Manifest.lock";
			outputFileListPaths = (
			);
			outputPaths = (
				"$(DERIVED_FILE_DIR)/Pods-chat-app-MobiOS-21-checkManifestLockResult.txt",
			);
			runOnlyForDeploymentPostprocessing = 0;
			shellPath = /bin/sh;
			shellScript = "diff \"${PODS_PODFILE_DIR_PATH}/Podfile.lock\" \"${PODS_ROOT}/Manifest.lock\" > /dev/null\nif [ $? != 0 ] ; then\n    # print error to STDERR\n    echo \"error: The sandbox is not in sync with the Podfile.lock. Run 'pod install' or update your CocoaPods installation.\" >&2\n    exit 1\nfi\n# This output is used by Xcode 'outputs' to avoid re-running this script phase.\necho \"SUCCESS\" > \"${SCRIPT_OUTPUT_FILE_0}\"\n";
			showEnvVarsInLog = 0;
		};
/* End PBXShellScriptBuildPhase section */

/* Begin PBXSourcesBuildPhase section */
		3AE6DDD726F90F4A00191D7A /* Sources */ = {
			isa = PBXSourcesBuildPhase;
			buildActionMask = 2147483647;
			files = (
				3AFF11962714C3B7005991C5 /* ThemesViewController.m in Sources */,
				3A0C3186272B1AEA001B63BC /* PaddingTextField.swift in Sources */,
				3A44DC0127024C8200F45CB3 /* UIViewController+extensions.swift in Sources */,
				3A44DBFC27023AF800F45CB3 /* ProfileViewController.swift in Sources */,
				3AE6DDDF26F90F4A00191D7A /* AppDelegate.swift in Sources */,
				3AFC1D212720A6E20042E71E /* GCDDataManager.swift in Sources */,
				3AEC2F0B274578D900481D4A /* CoreDataChannelService.swift in Sources */,
				3AEC2F0D27457A2D00481D4A /* CoreDataMessageService.swift in Sources */,
				3A3154F52731AD1C00FE980A /* Chat.xcdatamodeld in Sources */,
				3AD47509274C1B1700374662 /* PhotosViewModel.swift in Sources */,
				3A44DC0327024E4100F45CB3 /* String+extensions.swift in Sources */,
				3AAA3AD42746C8690083F0B9 /* MessageViewModel.swift in Sources */,
				3A721A07270CC79C001A7DCC /* ConversationTableCell.swift in Sources */,
				3AD474F7274C05D600374662 /* Parser.swift in Sources */,
				3AEE4AD727176BD3006A63C0 /* ThemesSwift.swift in Sources */,
				3A0060D3270B8DCD0047EFAE /* Date+extensions.swift in Sources */,
				3AD47503274C165600374662 /* PhotosCollectionVC.swift in Sources */,
				3AEE76F72742E20E00AABDFB /* FireStoreService.swift in Sources */,
				3A31550D2731B05800FE980A /* DBChannel+CoreDataClass.swift in Sources */,
				3A3A73B7274EBDFE0063733E /* ConcurencySender.swift in Sources */,
				3A0060D1270B889D0047EFAE /* ChannelModel.swift in Sources */,
				3A31550A2731B03600FE980A /* DBChannel+CoreDataProperties.swift in Sources */,
				3A0060CE270B83690047EFAE /* ConversationsTableCell.swift in Sources */,
				3AAA3AD22746C3730083F0B9 /* ChannelViewModel.swift in Sources */,
				3AD47505274C198E00374662 /* PhotosCollectionCell.swift in Sources */,
				3AD47507274C1A1700374662 /* ImageView+extensions.swift in Sources */,
				3A2F46332733CAFE00CA9ECB /* CoreDataStack.swift in Sources */,
				3A3155092731B03600FE980A /* DBMessage+CoreDataProperties.swift in Sources */,
				3AD474F9274C05FD00374662 /* RequestSender.swift in Sources */,
				3AEE76F22742E04900AABDFB /* RootAssembly.swift in Sources */,
				3AEE76F42742E15300AABDFB /* ServiceAssembly.swift in Sources */,
				3A721A09270CC904001A7DCC /* MessageModel.swift in Sources */,
				3A0060CB270B817E0047EFAE /* ConversationsViewController.swift in Sources */,
				3A31550E2731B05800FE980A /* DBMessage+CoreDataClass.swift in Sources */,
				3AEE4AD5271769FD006A63C0 /* ThemesViewControllerSwift.swift in Sources */,
				3A12BFC2272884D400D86C17 /* Codable+extension.swift in Sources */,
				3AFF119A2714C5F2005991C5 /* Themes.m in Sources */,
				3AFC1D1E272096020042E71E /* ProfileModel.swift in Sources */,
				3AEE76E42742D84700AABDFB /* PresentationAssembly.swift in Sources */,
				3AD474FC274C0FC700374662 /* NetworkService.swift in Sources */,
				3AFC1D232720B3A80042E71E /* OperationDataManager.swift in Sources */,
				3A0C3184272B1163001B63BC /* MessageInputView.swift in Sources */,
				3AD47500274C120A00374662 /* Request.swift in Sources */,
				3AD474FE274C110900374662 /* RequestFactory.swift in Sources */,
				3AFC1D1C272095AB0042E71E /* ProfileFileManager.swift in Sources */,
				3A721A05270CC432001A7DCC /* ConversationViewController.swift in Sources */,
				3AEE4AD9271770AB006A63C0 /* UserDefaults+extensions.swift in Sources */,
				3AEE76F92742E63D00AABDFB /* CoreAssembly.swift in Sources */,
				3A44DBFF27024BD500F45CB3 /* ImagePickerHelper.swift in Sources */,
			);
			runOnlyForDeploymentPostprocessing = 0;
		};
/* End PBXSourcesBuildPhase section */

/* Begin PBXVariantGroup section */
		3AE6DDE426F90F4A00191D7A /* Profile.storyboard */ = {
			isa = PBXVariantGroup;
			children = (
				3AE6DDE526F90F4A00191D7A /* Base */,
			);
			name = Profile.storyboard;
			sourceTree = "<group>";
		};
		3AE6DDE926F90F4B00191D7A /* LaunchScreen.storyboard */ = {
			isa = PBXVariantGroup;
			children = (
				3AE6DDEA26F90F4B00191D7A /* Base */,
			);
			name = LaunchScreen.storyboard;
			sourceTree = "<group>";
		};
/* End PBXVariantGroup section */

/* Begin XCBuildConfiguration section */
		3AE6DDED26F90F4B00191D7A /* Debug */ = {
			isa = XCBuildConfiguration;
			buildSettings = {
				ALWAYS_SEARCH_USER_PATHS = NO;
				CLANG_ANALYZER_NONNULL = YES;
				CLANG_ANALYZER_NUMBER_OBJECT_CONVERSION = YES_AGGRESSIVE;
				CLANG_CXX_LANGUAGE_STANDARD = "gnu++14";
				CLANG_CXX_LIBRARY = "libc++";
				CLANG_ENABLE_MODULES = YES;
				CLANG_ENABLE_OBJC_ARC = YES;
				CLANG_ENABLE_OBJC_WEAK = YES;
				CLANG_WARN_BLOCK_CAPTURE_AUTORELEASING = YES;
				CLANG_WARN_BOOL_CONVERSION = YES;
				CLANG_WARN_COMMA = YES;
				CLANG_WARN_CONSTANT_CONVERSION = YES;
				CLANG_WARN_DEPRECATED_OBJC_IMPLEMENTATIONS = YES;
				CLANG_WARN_DIRECT_OBJC_ISA_USAGE = YES_ERROR;
				CLANG_WARN_DOCUMENTATION_COMMENTS = YES;
				CLANG_WARN_EMPTY_BODY = YES;
				CLANG_WARN_ENUM_CONVERSION = YES;
				CLANG_WARN_INFINITE_RECURSION = YES;
				CLANG_WARN_INT_CONVERSION = YES;
				CLANG_WARN_NON_LITERAL_NULL_CONVERSION = YES;
				CLANG_WARN_OBJC_IMPLICIT_RETAIN_SELF = YES;
				CLANG_WARN_OBJC_LITERAL_CONVERSION = YES;
				CLANG_WARN_OBJC_ROOT_CLASS = YES_ERROR;
				CLANG_WARN_QUOTED_INCLUDE_IN_FRAMEWORK_HEADER = YES;
				CLANG_WARN_RANGE_LOOP_ANALYSIS = YES;
				CLANG_WARN_STRICT_PROTOTYPES = YES;
				CLANG_WARN_SUSPICIOUS_MOVE = YES;
				CLANG_WARN_UNGUARDED_AVAILABILITY = YES_AGGRESSIVE;
				CLANG_WARN_UNREACHABLE_CODE = YES;
				CLANG_WARN__DUPLICATE_METHOD_MATCH = YES;
				COPY_PHASE_STRIP = NO;
				DEBUG_INFORMATION_FORMAT = dwarf;
				ENABLE_STRICT_OBJC_MSGSEND = YES;
				ENABLE_TESTABILITY = YES;
				GCC_C_LANGUAGE_STANDARD = gnu11;
				GCC_DYNAMIC_NO_PIC = NO;
				GCC_NO_COMMON_BLOCKS = YES;
				GCC_OPTIMIZATION_LEVEL = 0;
				GCC_PREPROCESSOR_DEFINITIONS = (
					"DEBUG=1",
					"$(inherited)",
				);
				GCC_WARN_64_TO_32_BIT_CONVERSION = YES;
				GCC_WARN_ABOUT_RETURN_TYPE = YES_ERROR;
				GCC_WARN_UNDECLARED_SELECTOR = YES;
				GCC_WARN_UNINITIALIZED_AUTOS = YES_AGGRESSIVE;
				GCC_WARN_UNUSED_FUNCTION = YES;
				GCC_WARN_UNUSED_VARIABLE = YES;
				IPHONEOS_DEPLOYMENT_TARGET = 12.0;
				MTL_ENABLE_DEBUG_INFO = INCLUDE_SOURCE;
				MTL_FAST_MATH = YES;
				ONLY_ACTIVE_ARCH = YES;
				SDKROOT = iphoneos;
				SWIFT_ACTIVE_COMPILATION_CONDITIONS = DEBUG;
				SWIFT_OPTIMIZATION_LEVEL = "-Onone";
			};
			name = Debug;
		};
		3AE6DDEE26F90F4B00191D7A /* Release */ = {
			isa = XCBuildConfiguration;
			buildSettings = {
				ALWAYS_SEARCH_USER_PATHS = NO;
				CLANG_ANALYZER_NONNULL = YES;
				CLANG_ANALYZER_NUMBER_OBJECT_CONVERSION = YES_AGGRESSIVE;
				CLANG_CXX_LANGUAGE_STANDARD = "gnu++14";
				CLANG_CXX_LIBRARY = "libc++";
				CLANG_ENABLE_MODULES = YES;
				CLANG_ENABLE_OBJC_ARC = YES;
				CLANG_ENABLE_OBJC_WEAK = YES;
				CLANG_WARN_BLOCK_CAPTURE_AUTORELEASING = YES;
				CLANG_WARN_BOOL_CONVERSION = YES;
				CLANG_WARN_COMMA = YES;
				CLANG_WARN_CONSTANT_CONVERSION = YES;
				CLANG_WARN_DEPRECATED_OBJC_IMPLEMENTATIONS = YES;
				CLANG_WARN_DIRECT_OBJC_ISA_USAGE = YES_ERROR;
				CLANG_WARN_DOCUMENTATION_COMMENTS = YES;
				CLANG_WARN_EMPTY_BODY = YES;
				CLANG_WARN_ENUM_CONVERSION = YES;
				CLANG_WARN_INFINITE_RECURSION = YES;
				CLANG_WARN_INT_CONVERSION = YES;
				CLANG_WARN_NON_LITERAL_NULL_CONVERSION = YES;
				CLANG_WARN_OBJC_IMPLICIT_RETAIN_SELF = YES;
				CLANG_WARN_OBJC_LITERAL_CONVERSION = YES;
				CLANG_WARN_OBJC_ROOT_CLASS = YES_ERROR;
				CLANG_WARN_QUOTED_INCLUDE_IN_FRAMEWORK_HEADER = YES;
				CLANG_WARN_RANGE_LOOP_ANALYSIS = YES;
				CLANG_WARN_STRICT_PROTOTYPES = YES;
				CLANG_WARN_SUSPICIOUS_MOVE = YES;
				CLANG_WARN_UNGUARDED_AVAILABILITY = YES_AGGRESSIVE;
				CLANG_WARN_UNREACHABLE_CODE = YES;
				CLANG_WARN__DUPLICATE_METHOD_MATCH = YES;
				COPY_PHASE_STRIP = NO;
				DEBUG_INFORMATION_FORMAT = "dwarf-with-dsym";
				ENABLE_NS_ASSERTIONS = NO;
				ENABLE_STRICT_OBJC_MSGSEND = YES;
				GCC_C_LANGUAGE_STANDARD = gnu11;
				GCC_NO_COMMON_BLOCKS = YES;
				GCC_WARN_64_TO_32_BIT_CONVERSION = YES;
				GCC_WARN_ABOUT_RETURN_TYPE = YES_ERROR;
				GCC_WARN_UNDECLARED_SELECTOR = YES;
				GCC_WARN_UNINITIALIZED_AUTOS = YES_AGGRESSIVE;
				GCC_WARN_UNUSED_FUNCTION = YES;
				GCC_WARN_UNUSED_VARIABLE = YES;
				IPHONEOS_DEPLOYMENT_TARGET = 12.0;
				MTL_ENABLE_DEBUG_INFO = NO;
				MTL_FAST_MATH = YES;
				SDKROOT = iphoneos;
				SWIFT_COMPILATION_MODE = wholemodule;
				SWIFT_OPTIMIZATION_LEVEL = "-O";
				VALIDATE_PRODUCT = YES;
			};
			name = Release;
		};
		3AE6DDF026F90F4B00191D7A /* Debug */ = {
			isa = XCBuildConfiguration;
			baseConfigurationReference = 4A327EF7CBD3D3AAD5EB8053 /* Pods-chat-app-MobiOS-21.debug.xcconfig */;
			buildSettings = {
				ASSETCATALOG_COMPILER_APPICON_NAME = AppIcon;
				ASSETCATALOG_COMPILER_GLOBAL_ACCENT_COLOR_NAME = AccentColor;
				CLANG_ENABLE_MODULES = YES;
				CLANG_ENABLE_OBJC_ARC = NO;
				CODE_SIGN_STYLE = Automatic;
				DEVELOPMENT_TEAM = ZDR42PTGTK;
				INFOPLIST_FILE = "chat-app-MobiOS-21/Info.plist";
				IPHONEOS_DEPLOYMENT_TARGET = 13.0;
				LD_RUNPATH_SEARCH_PATHS = (
					"$(inherited)",
					"@executable_path/Frameworks",
				);
				PRODUCT_BUNDLE_IDENTIFIER = ru.tinkoff.TinkoffChat;
				PRODUCT_NAME = "$(TARGET_NAME)";
				SWIFT_OBJC_BRIDGING_HEADER = "chat-app-MobiOS-21/Presentation layer/Themes/chat-app-MobiOS-21-Bridging-Header.h";
				SWIFT_OPTIMIZATION_LEVEL = "-Onone";
				SWIFT_VERSION = 5.0;
				TARGETED_DEVICE_FAMILY = 1;
			};
			name = Debug;
		};
		3AE6DDF126F90F4B00191D7A /* Release */ = {
			isa = XCBuildConfiguration;
			baseConfigurationReference = F8BEDC468708FEE8C5B9C51B /* Pods-chat-app-MobiOS-21.release.xcconfig */;
			buildSettings = {
				ASSETCATALOG_COMPILER_APPICON_NAME = AppIcon;
				ASSETCATALOG_COMPILER_GLOBAL_ACCENT_COLOR_NAME = AccentColor;
				CLANG_ENABLE_MODULES = YES;
				CLANG_ENABLE_OBJC_ARC = NO;
				CODE_SIGN_STYLE = Automatic;
				DEVELOPMENT_TEAM = ZDR42PTGTK;
				INFOPLIST_FILE = "chat-app-MobiOS-21/Info.plist";
				IPHONEOS_DEPLOYMENT_TARGET = 13.0;
				LD_RUNPATH_SEARCH_PATHS = (
					"$(inherited)",
					"@executable_path/Frameworks",
				);
				PRODUCT_BUNDLE_IDENTIFIER = ru.tinkoff.TinkoffChat;
				PRODUCT_NAME = "$(TARGET_NAME)";
				SWIFT_OBJC_BRIDGING_HEADER = "chat-app-MobiOS-21/Presentation layer/Themes/chat-app-MobiOS-21-Bridging-Header.h";
				SWIFT_VERSION = 5.0;
				TARGETED_DEVICE_FAMILY = 1;
			};
			name = Release;
		};
/* End XCBuildConfiguration section */

/* Begin XCConfigurationList section */
		3AE6DDD626F90F4A00191D7A /* Build configuration list for PBXProject "chat-app-MobiOS-21" */ = {
			isa = XCConfigurationList;
			buildConfigurations = (
				3AE6DDED26F90F4B00191D7A /* Debug */,
				3AE6DDEE26F90F4B00191D7A /* Release */,
			);
			defaultConfigurationIsVisible = 0;
			defaultConfigurationName = Release;
		};
		3AE6DDEF26F90F4B00191D7A /* Build configuration list for PBXNativeTarget "chat-app-MobiOS-21" */ = {
			isa = XCConfigurationList;
			buildConfigurations = (
				3AE6DDF026F90F4B00191D7A /* Debug */,
				3AE6DDF126F90F4B00191D7A /* Release */,
			);
			defaultConfigurationIsVisible = 0;
			defaultConfigurationName = Release;
		};
/* End XCConfigurationList section */

/* Begin XCVersionGroup section */
		3A3154F32731AD1C00FE980A /* Chat.xcdatamodeld */ = {
			isa = XCVersionGroup;
			children = (
				3A3154F42731AD1C00FE980A /* Chat.xcdatamodel */,
			);
			currentVersion = 3A3154F42731AD1C00FE980A /* Chat.xcdatamodel */;
			path = Chat.xcdatamodeld;
			sourceTree = "<group>";
			versionGroupType = wrapper.xcdatamodel;
		};
/* End XCVersionGroup section */
	};
	rootObject = 3AE6DDD326F90F4A00191D7A /* Project object */;
}
